// !$*UTF8*$!
{
	archiveVersion = 1;
	classes = {
	};
	objectVersion = 54;
	objects = {

/* Begin PBXBuildFile section */
		C6BC4338CF8631EF3D3D1A5B /* Pods_hightonB.framework in Frameworks */ = {isa = PBXBuildFile; fileRef = 37D8449DCBF01489563D0FF5 /* Pods_hightonB.framework */; };
		EC56F1ED27928B3B00B3EF27 /* AppDelegate.swift in Sources */ = {isa = PBXBuildFile; fileRef = EC56F1EC27928B3B00B3EF27 /* AppDelegate.swift */; };
		EC56F1EF27928B3B00B3EF27 /* SceneDelegate.swift in Sources */ = {isa = PBXBuildFile; fileRef = EC56F1EE27928B3B00B3EF27 /* SceneDelegate.swift */; };
		EC56F1F127928B3B00B3EF27 /* ViewController.swift in Sources */ = {isa = PBXBuildFile; fileRef = EC56F1F027928B3B00B3EF27 /* ViewController.swift */; };
		EC56F1F427928B3B00B3EF27 /* Main.storyboard in Resources */ = {isa = PBXBuildFile; fileRef = EC56F1F227928B3B00B3EF27 /* Main.storyboard */; };
		EC56F1F727928B3B00B3EF27 /* hightonB.xcdatamodeld in Sources */ = {isa = PBXBuildFile; fileRef = EC56F1F527928B3B00B3EF27 /* hightonB.xcdatamodeld */; };
		EC56F1F927928B3D00B3EF27 /* Assets.xcassets in Resources */ = {isa = PBXBuildFile; fileRef = EC56F1F827928B3D00B3EF27 /* Assets.xcassets */; };
		EC56F1FC27928B3D00B3EF27 /* LaunchScreen.storyboard in Resources */ = {isa = PBXBuildFile; fileRef = EC56F1FA27928B3D00B3EF27 /* LaunchScreen.storyboard */; };
		EC56F20D2792B51B00B3EF27 /* AddViewController.swift in Sources */ = {isa = PBXBuildFile; fileRef = EC56F20C2792B51B00B3EF27 /* AddViewController.swift */; };
		EC56F2162792EA5800B3EF27 /* books.swift in Sources */ = {isa = PBXBuildFile; fileRef = EC56F2152792EA5800B3EF27 /* books.swift */; };
		EC56F2182792F34300B3EF27 /* log.swift in Sources */ = {isa = PBXBuildFile; fileRef = EC56F2172792F34300B3EF27 /* log.swift */; };
		EC56F21A27935A3400B3EF27 /* Responses.swift in Sources */ = {isa = PBXBuildFile; fileRef = EC56F21927935A3400B3EF27 /* Responses.swift */; };
		EC56F21E2793744C00B3EF27 /* sonj.swift in Sources */ = {isa = PBXBuildFile; fileRef = EC56F21D2793744C00B3EF27 /* sonj.swift */; };
/* End PBXBuildFile section */

/* Begin PBXFileReference section */
		37D8449DCBF01489563D0FF5 /* Pods_hightonB.framework */ = {isa = PBXFileReference; explicitFileType = wrapper.framework; includeInIndex = 0; path = Pods_hightonB.framework; sourceTree = BUILT_PRODUCTS_DIR; };
		3F43A46354F1969228722A0D /* Pods-hightonB.debug.xcconfig */ = {isa = PBXFileReference; includeInIndex = 1; lastKnownFileType = text.xcconfig; name = "Pods-hightonB.debug.xcconfig"; path = "Target Support Files/Pods-hightonB/Pods-hightonB.debug.xcconfig"; sourceTree = "<group>"; };
		C30B963563AA01A76A6C420E /* Pods-hightonB.release.xcconfig */ = {isa = PBXFileReference; includeInIndex = 1; lastKnownFileType = text.xcconfig; name = "Pods-hightonB.release.xcconfig"; path = "Target Support Files/Pods-hightonB/Pods-hightonB.release.xcconfig"; sourceTree = "<group>"; };
		EC56F1E927928B3B00B3EF27 /* hightonB.app */ = {isa = PBXFileReference; explicitFileType = wrapper.application; includeInIndex = 0; path = hightonB.app; sourceTree = BUILT_PRODUCTS_DIR; };
		EC56F1EC27928B3B00B3EF27 /* AppDelegate.swift */ = {isa = PBXFileReference; lastKnownFileType = sourcecode.swift; path = AppDelegate.swift; sourceTree = "<group>"; };
		EC56F1EE27928B3B00B3EF27 /* SceneDelegate.swift */ = {isa = PBXFileReference; lastKnownFileType = sourcecode.swift; path = SceneDelegate.swift; sourceTree = "<group>"; };
		EC56F1F027928B3B00B3EF27 /* ViewController.swift */ = {isa = PBXFileReference; lastKnownFileType = sourcecode.swift; path = ViewController.swift; sourceTree = "<group>"; };
		EC56F1F327928B3B00B3EF27 /* Base */ = {isa = PBXFileReference; lastKnownFileType = file.storyboard; name = Base; path = Base.lproj/Main.storyboard; sourceTree = "<group>"; };
		EC56F1F627928B3B00B3EF27 /* hightonB.xcdatamodel */ = {isa = PBXFileReference; lastKnownFileType = wrapper.xcdatamodel; path = hightonB.xcdatamodel; sourceTree = "<group>"; };
		EC56F1F827928B3D00B3EF27 /* Assets.xcassets */ = {isa = PBXFileReference; lastKnownFileType = folder.assetcatalog; path = Assets.xcassets; sourceTree = "<group>"; };
		EC56F1FB27928B3D00B3EF27 /* Base */ = {isa = PBXFileReference; lastKnownFileType = file.storyboard; name = Base; path = Base.lproj/LaunchScreen.storyboard; sourceTree = "<group>"; };
		EC56F1FD27928B3D00B3EF27 /* Info.plist */ = {isa = PBXFileReference; lastKnownFileType = text.plist.xml; path = Info.plist; sourceTree = "<group>"; };
		EC56F20C2792B51B00B3EF27 /* AddViewController.swift */ = {isa = PBXFileReference; lastKnownFileType = sourcecode.swift; path = AddViewController.swift; sourceTree = "<group>"; };
		EC56F2152792EA5800B3EF27 /* books.swift */ = {isa = PBXFileReference; lastKnownFileType = sourcecode.swift; path = books.swift; sourceTree = "<group>"; };
		EC56F2172792F34300B3EF27 /* log.swift */ = {isa = PBXFileReference; lastKnownFileType = sourcecode.swift; path = log.swift; sourceTree = "<group>"; };
		EC56F21927935A3400B3EF27 /* Responses.swift */ = {isa = PBXFileReference; lastKnownFileType = sourcecode.swift; path = Responses.swift; sourceTree = "<group>"; };
		EC56F21D2793744C00B3EF27 /* sonj.swift */ = {isa = PBXFileReference; lastKnownFileType = sourcecode.swift; path = sonj.swift; sourceTree = "<group>"; };
/* End PBXFileReference section */

/* Begin PBXFrameworksBuildPhase section */
		EC56F1E627928B3B00B3EF27 /* Frameworks */ = {
			isa = PBXFrameworksBuildPhase;
			buildActionMask = 2147483647;
			files = (
				C6BC4338CF8631EF3D3D1A5B /* Pods_hightonB.framework in Frameworks */,
			);
			runOnlyForDeploymentPostprocessing = 0;
		};
/* End PBXFrameworksBuildPhase section */

/* Begin PBXGroup section */
		6A83929A0CA83058C0EEE723 /* Frameworks */ = {
			isa = PBXGroup;
			children = (
				37D8449DCBF01489563D0FF5 /* Pods_hightonB.framework */,
			);
			name = Frameworks;
			sourceTree = "<group>";
		};
		BFBE30E89BCA2C099A748F2E /* Pods */ = {
			isa = PBXGroup;
			children = (
				3F43A46354F1969228722A0D /* Pods-hightonB.debug.xcconfig */,
				C30B963563AA01A76A6C420E /* Pods-hightonB.release.xcconfig */,
			);
			path = Pods;
			sourceTree = "<group>";
		};
		EC56F1E027928B3B00B3EF27 = {
			isa = PBXGroup;
			children = (
				EC56F1EB27928B3B00B3EF27 /* hightonB */,
				EC56F1EA27928B3B00B3EF27 /* Products */,
				BFBE30E89BCA2C099A748F2E /* Pods */,
				6A83929A0CA83058C0EEE723 /* Frameworks */,
			);
			sourceTree = "<group>";
		};
		EC56F1EA27928B3B00B3EF27 /* Products */ = {
			isa = PBXGroup;
			children = (
				EC56F1E927928B3B00B3EF27 /* hightonB.app */,
			);
			name = Products;
			sourceTree = "<group>";
		};
		EC56F1EB27928B3B00B3EF27 /* hightonB */ = {
			isa = PBXGroup;
			children = (
				EC56F2142792EA4300B3EF27 /* Model */,
				EC56F2052792A42300B3EF27 /* View */,
				EC56F1EC27928B3B00B3EF27 /* AppDelegate.swift */,
				EC56F1EE27928B3B00B3EF27 /* SceneDelegate.swift */,
				EC56F1F227928B3B00B3EF27 /* Main.storyboard */,
				EC56F1F827928B3D00B3EF27 /* Assets.xcassets */,
				EC56F1FA27928B3D00B3EF27 /* LaunchScreen.storyboard */,
				EC56F1FD27928B3D00B3EF27 /* Info.plist */,
				EC56F1F527928B3B00B3EF27 /* hightonB.xcdatamodeld */,
			);
			path = hightonB;
			sourceTree = "<group>";
		};
		EC56F2052792A42300B3EF27 /* View */ = {
			isa = PBXGroup;
			children = (
				EC56F2092792A44E00B3EF27 /* LogIn */,
				EC56F2072792A43B00B3EF27 /* AddBook */,
			);
			path = View;
			sourceTree = "<group>";
		};
		EC56F2072792A43B00B3EF27 /* AddBook */ = {
			isa = PBXGroup;
			children = (
				EC56F20C2792B51B00B3EF27 /* AddViewController.swift */,
			);
			path = AddBook;
			sourceTree = "<group>";
		};
		EC56F2092792A44E00B3EF27 /* LogIn */ = {
			isa = PBXGroup;
			children = (
				EC56F1F027928B3B00B3EF27 /* ViewController.swift */,
			);
			path = LogIn;
			sourceTree = "<group>";
		};
		EC56F2142792EA4300B3EF27 /* Model */ = {
			isa = PBXGroup;
			children = (
				EC56F2152792EA5800B3EF27 /* books.swift */,
				EC56F2172792F34300B3EF27 /* log.swift */,
				EC56F21927935A3400B3EF27 /* Responses.swift */,
				EC56F21D2793744C00B3EF27 /* sonj.swift */,
			);
			path = Model;
			sourceTree = "<group>";
		};
/* End PBXGroup section */

/* Begin PBXNativeTarget section */
		EC56F1E827928B3B00B3EF27 /* hightonB */ = {
			isa = PBXNativeTarget;
			buildConfigurationList = EC56F20027928B3D00B3EF27 /* Build configuration list for PBXNativeTarget "hightonB" */;
			buildPhases = (
				4CF617C3085E00E791F91AC1 /* [CP] Check Pods Manifest.lock */,
				EC56F1E527928B3B00B3EF27 /* Sources */,
				EC56F1E627928B3B00B3EF27 /* Frameworks */,
				EC56F1E727928B3B00B3EF27 /* Resources */,
				900C442A9AD952318D638F0B /* [CP] Embed Pods Frameworks */,
			);
			buildRules = (
			);
			dependencies = (
			);
			name = hightonB;
			productName = hightonB;
			productReference = EC56F1E927928B3B00B3EF27 /* hightonB.app */;
			productType = "com.apple.product-type.application";
		};
/* End PBXNativeTarget section */

/* Begin PBXProject section */
		EC56F1E127928B3B00B3EF27 /* Project object */ = {
			isa = PBXProject;
			attributes = {
				BuildIndependentTargetsInParallel = 1;
				LastSwiftUpdateCheck = 1310;
				LastUpgradeCheck = 1310;
				TargetAttributes = {
					EC56F1E827928B3B00B3EF27 = {
						CreatedOnToolsVersion = 13.1;
					};
				};
			};
			buildConfigurationList = EC56F1E427928B3B00B3EF27 /* Build configuration list for PBXProject "hightonB" */;
			compatibilityVersion = "Xcode 12.0";
			developmentRegion = en;
			hasScannedForEncodings = 0;
			knownRegions = (
				en,
				Base,
			);
			mainGroup = EC56F1E027928B3B00B3EF27;
			productRefGroup = EC56F1EA27928B3B00B3EF27 /* Products */;
			projectDirPath = "";
			projectRoot = "";
			targets = (
				EC56F1E827928B3B00B3EF27 /* hightonB */,
			);
		};
/* End PBXProject section */

/* Begin PBXResourcesBuildPhase section */
		EC56F1E727928B3B00B3EF27 /* Resources */ = {
			isa = PBXResourcesBuildPhase;
			buildActionMask = 2147483647;
			files = (
				EC56F1FC27928B3D00B3EF27 /* LaunchScreen.storyboard in Resources */,
				EC56F1F927928B3D00B3EF27 /* Assets.xcassets in Resources */,
				EC56F1F427928B3B00B3EF27 /* Main.storyboard in Resources */,
			);
			runOnlyForDeploymentPostprocessing = 0;
		};
/* End PBXResourcesBuildPhase section */

/* Begin PBXShellScriptBuildPhase section */
		4CF617C3085E00E791F91AC1 /* [CP] Check Pods Manifest.lock */ = {
			isa = PBXShellScriptBuildPhase;
			buildActionMask = 2147483647;
			files = (
			);
			inputFileListPaths = (
			);
			inputPaths = (
				"${PODS_PODFILE_DIR_PATH}/Podfile.lock",
				"${PODS_ROOT}/Manifest.lock",
			);
			name = "[CP] Check Pods Manifest.lock";
			outputFileListPaths = (
			);
			outputPaths = (
				"$(DERIVED_FILE_DIR)/Pods-hightonB-checkManifestLockResult.txt",
			);
			runOnlyForDeploymentPostprocessing = 0;
			shellPath = /bin/sh;
			shellScript = "diff \"${PODS_PODFILE_DIR_PATH}/Podfile.lock\" \"${PODS_ROOT}/Manifest.lock\" > /dev/null\nif [ $? != 0 ] ; then\n    # print error to STDERR\n    echo \"error: The sandbox is not in sync with the Podfile.lock. Run 'pod install' or update your CocoaPods installation.\" >&2\n    exit 1\nfi\n# This output is used by Xcode 'outputs' to avoid re-running this script phase.\necho \"SUCCESS\" > \"${SCRIPT_OUTPUT_FILE_0}\"\n";
			showEnvVarsInLog = 0;
		};
		900C442A9AD952318D638F0B /* [CP] Embed Pods Frameworks */ = {
			isa = PBXShellScriptBuildPhase;
			buildActionMask = 2147483647;
			files = (
			);
			inputFileListPaths = (
				"${PODS_ROOT}/Target Support Files/Pods-hightonB/Pods-hightonB-frameworks-${CONFIGURATION}-input-files.xcfilelist",
			);
			name = "[CP] Embed Pods Frameworks";
			outputFileListPaths = (
				"${PODS_ROOT}/Target Support Files/Pods-hightonB/Pods-hightonB-frameworks-${CONFIGURATION}-output-files.xcfilelist",
			);
			runOnlyForDeploymentPostprocessing = 0;
			shellPath = /bin/sh;
			shellScript = "\"${PODS_ROOT}/Target Support Files/Pods-hightonB/Pods-hightonB-frameworks.sh\"\n";
			showEnvVarsInLog = 0;
		};
/* End PBXShellScriptBuildPhase section */

/* Begin PBXSourcesBuildPhase section */
		EC56F1E527928B3B00B3EF27 /* Sources */ = {
			isa = PBXSourcesBuildPhase;
			buildActionMask = 2147483647;
			files = (
				EC56F21A27935A3400B3EF27 /* Responses.swift in Sources */,
				EC56F1F727928B3B00B3EF27 /* hightonB.xcdatamodeld in Sources */,
				EC56F1F127928B3B00B3EF27 /* ViewController.swift in Sources */,
				EC56F20D2792B51B00B3EF27 /* AddViewController.swift in Sources */,
				EC56F21E2793744C00B3EF27 /* sonj.swift in Sources */,
				EC56F2182792F34300B3EF27 /* log.swift in Sources */,
				EC56F2162792EA5800B3EF27 /* books.swift in Sources */,
				EC56F1ED27928B3B00B3EF27 /* AppDelegate.swift in Sources */,
				EC56F1EF27928B3B00B3EF27 /* SceneDelegate.swift in Sources */,
			);
			runOnlyForDeploymentPostprocessing = 0;
		};
/* End PBXSourcesBuildPhase section */

/* Begin PBXVariantGroup section */
		EC56F1F227928B3B00B3EF27 /* Main.storyboard */ = {
			isa = PBXVariantGroup;
			children = (
				EC56F1F327928B3B00B3EF27 /* Base */,
			);
			name = Main.storyboard;
			sourceTree = "<group>";
		};
		EC56F1FA27928B3D00B3EF27 /* LaunchScreen.storyboard */ = {
			isa = PBXVariantGroup;
			children = (
				EC56F1FB27928B3D00B3EF27 /* Base */,
			);
			name = LaunchScreen.storyboard;
			sourceTree = "<group>";
		};
/* End PBXVariantGroup section */

/* Begin XCBuildConfiguration section */
		EC56F1FE27928B3D00B3EF27 /* Debug */ = {
			isa = XCBuildConfiguration;
			buildSettings = {
				ALWAYS_SEARCH_USER_PATHS = NO;
				CLANG_ANALYZER_NONNULL = YES;
				CLANG_ANALYZER_NUMBER_OBJECT_CONVERSION = YES_AGGRESSIVE;
				CLANG_CXX_LANGUAGE_STANDARD = "gnu++17";
				CLANG_CXX_LIBRARY = "libc++";
				CLANG_ENABLE_MODULES = YES;
				CLANG_ENABLE_OBJC_ARC = YES;
				CLANG_ENABLE_OBJC_WEAK = YES;
				CLANG_WARN_BLOCK_CAPTURE_AUTORELEASING = YES;
				CLANG_WARN_BOOL_CONVERSION = YES;
				CLANG_WARN_COMMA = YES;
				CLANG_WARN_CONSTANT_CONVERSION = YES;
				CLANG_WARN_DEPRECATED_OBJC_IMPLEMENTATIONS = YES;
				CLANG_WARN_DIRECT_OBJC_ISA_USAGE = YES_ERROR;
				CLANG_WARN_DOCUMENTATION_COMMENTS = YES;
				CLANG_WARN_EMPTY_BODY = YES;
				CLANG_WARN_ENUM_CONVERSION = YES;
				CLANG_WARN_INFINITE_RECURSION = YES;
				CLANG_WARN_INT_CONVERSION = YES;
				CLANG_WARN_NON_LITERAL_NULL_CONVERSION = YES;
				CLANG_WARN_OBJC_IMPLICIT_RETAIN_SELF = YES;
				CLANG_WARN_OBJC_LITERAL_CONVERSION = YES;
				CLANG_WARN_OBJC_ROOT_CLASS = YES_ERROR;
				CLANG_WARN_QUOTED_INCLUDE_IN_FRAMEWORK_HEADER = YES;
				CLANG_WARN_RANGE_LOOP_ANALYSIS = YES;
				CLANG_WARN_STRICT_PROTOTYPES = YES;
				CLANG_WARN_SUSPICIOUS_MOVE = YES;
				CLANG_WARN_UNGUARDED_AVAILABILITY = YES_AGGRESSIVE;
				CLANG_WARN_UNREACHABLE_CODE = YES;
				CLANG_WARN__DUPLICATE_METHOD_MATCH = YES;
				COPY_PHASE_STRIP = NO;
				DEBUG_INFORMATION_FORMAT = dwarf;
				ENABLE_STRICT_OBJC_MSGSEND = YES;
				ENABLE_TESTABILITY = YES;
				GCC_C_LANGUAGE_STANDARD = gnu11;
				GCC_DYNAMIC_NO_PIC = NO;
				GCC_NO_COMMON_BLOCKS = YES;
				GCC_OPTIMIZATION_LEVEL = 0;
				GCC_PREPROCESSOR_DEFINITIONS = (
					"DEBUG=1",
					"$(inherited)",
				);
				GCC_WARN_64_TO_32_BIT_CONVERSION = YES;
				GCC_WARN_ABOUT_RETURN_TYPE = YES_ERROR;
				GCC_WARN_UNDECLARED_SELECTOR = YES;
				GCC_WARN_UNINITIALIZED_AUTOS = YES_AGGRESSIVE;
				GCC_WARN_UNUSED_FUNCTION = YES;
				GCC_WARN_UNUSED_VARIABLE = YES;
				IPHONEOS_DEPLOYMENT_TARGET = 15.0;
				MTL_ENABLE_DEBUG_INFO = INCLUDE_SOURCE;
				MTL_FAST_MATH = YES;
				ONLY_ACTIVE_ARCH = YES;
				SDKROOT = iphoneos;
				SWIFT_ACTIVE_COMPILATION_CONDITIONS = DEBUG;
				SWIFT_OPTIMIZATION_LEVEL = "-Onone";
			};
			name = Debug;
		};
		EC56F1FF27928B3D00B3EF27 /* Release */ = {
			isa = XCBuildConfiguration;
			buildSettings = {
				ALWAYS_SEARCH_USER_PATHS = NO;
				CLANG_ANALYZER_NONNULL = YES;
				CLANG_ANALYZER_NUMBER_OBJECT_CONVERSION = YES_AGGRESSIVE;
				CLANG_CXX_LANGUAGE_STANDARD = "gnu++17";
				CLANG_CXX_LIBRARY = "libc++";
				CLANG_ENABLE_MODULES = YES;
				CLANG_ENABLE_OBJC_ARC = YES;
				CLANG_ENABLE_OBJC_WEAK = YES;
				CLANG_WARN_BLOCK_CAPTURE_AUTORELEASING = YES;
				CLANG_WARN_BOOL_CONVERSION = YES;
				CLANG_WARN_COMMA = YES;
				CLANG_WARN_CONSTANT_CONVERSION = YES;
				CLANG_WARN_DEPRECATED_OBJC_IMPLEMENTATIONS = YES;
				CLANG_WARN_DIRECT_OBJC_ISA_USAGE = YES_ERROR;
				CLANG_WARN_DOCUMENTATION_COMMENTS = YES;
				CLANG_WARN_EMPTY_BODY = YES;
				CLANG_WARN_ENUM_CONVERSION = YES;
				CLANG_WARN_INFINITE_RECURSION = YES;
				CLANG_WARN_INT_CONVERSION = YES;
				CLANG_WARN_NON_LITERAL_NULL_CONVERSION = YES;
				CLANG_WARN_OBJC_IMPLICIT_RETAIN_SELF = YES;
				CLANG_WARN_OBJC_LITERAL_CONVERSION = YES;
				CLANG_WARN_OBJC_ROOT_CLASS = YES_ERROR;
				CLANG_WARN_QUOTED_INCLUDE_IN_FRAMEWORK_HEADER = YES;
				CLANG_WARN_RANGE_LOOP_ANALYSIS = YES;
				CLANG_WARN_STRICT_PROTOTYPES = YES;
				CLANG_WARN_SUSPICIOUS_MOVE = YES;
				CLANG_WARN_UNGUARDED_AVAILABILITY = YES_AGGRESSIVE;
				CLANG_WARN_UNREACHABLE_CODE = YES;
				CLANG_WARN__DUPLICATE_METHOD_MATCH = YES;
				COPY_PHASE_STRIP = NO;
				DEBUG_INFORMATION_FORMAT = "dwarf-with-dsym";
				ENABLE_NS_ASSERTIONS = NO;
				ENABLE_STRICT_OBJC_MSGSEND = YES;
				GCC_C_LANGUAGE_STANDARD = gnu11;
				GCC_NO_COMMON_BLOCKS = YES;
				GCC_WARN_64_TO_32_BIT_CONVERSION = YES;
				GCC_WARN_ABOUT_RETURN_TYPE = YES_ERROR;
				GCC_WARN_UNDECLARED_SELECTOR = YES;
				GCC_WARN_UNINITIALIZED_AUTOS = YES_AGGRESSIVE;
				GCC_WARN_UNUSED_FUNCTION = YES;
				GCC_WARN_UNUSED_VARIABLE = YES;
				IPHONEOS_DEPLOYMENT_TARGET = 15.0;
				MTL_ENABLE_DEBUG_INFO = NO;
				MTL_FAST_MATH = YES;
				SDKROOT = iphoneos;
				SWIFT_COMPILATION_MODE = wholemodule;
				SWIFT_OPTIMIZATION_LEVEL = "-O";
				VALIDATE_PRODUCT = YES;
			};
			name = Release;
		};
		EC56F20127928B3D00B3EF27 /* Debug */ = {
			isa = XCBuildConfiguration;
			baseConfigurationReference = 3F43A46354F1969228722A0D /* Pods-hightonB.debug.xcconfig */;
			buildSettings = {
				ASSETCATALOG_COMPILER_APPICON_NAME = AppIcon;
				ASSETCATALOG_COMPILER_GLOBAL_ACCENT_COLOR_NAME = AccentColor;
				CODE_SIGN_STYLE = Automatic;
				CURRENT_PROJECT_VERSION = 1;
				DEVELOPMENT_TEAM = PM2865VY34;
				GENERATE_INFOPLIST_FILE = YES;
				INFOPLIST_FILE = hightonB/Info.plist;
				INFOPLIST_KEY_UIApplicationSupportsIndirectInputEvents = YES;
				INFOPLIST_KEY_UILaunchStoryboardName = LaunchScreen;
				INFOPLIST_KEY_UIMainStoryboardFile = Main;
				INFOPLIST_KEY_UISupportedInterfaceOrientations_iPad = "UIInterfaceOrientationPortrait UIInterfaceOrientationPortraitUpsideDown UIInterfaceOrientationLandscapeLeft UIInterfaceOrientationLandscapeRight";
				INFOPLIST_KEY_UISupportedInterfaceOrientations_iPhone = "UIInterfaceOrientationPortrait UIInterfaceOrientationLandscapeLeft UIInterfaceOrientationLandscapeRight";
				LD_RUNPATH_SEARCH_PATHS = (
					"$(inherited)",
					"@executable_path/Frameworks",
				);
				MARKETING_VERSION = 1.0;
				PRODUCT_BUNDLE_IDENTIFIER = com.highton.hightonB;
				PRODUCT_NAME = "$(TARGET_NAME)";
				SWIFT_EMIT_LOC_STRINGS = YES;
				SWIFT_VERSION = 5.0;
				TARGETED_DEVICE_FAMILY = "1,2";
			};
			name = Debug;
		};
		EC56F20227928B3D00B3EF27 /* Release */ = {
			isa = XCBuildConfiguration;
			baseConfigurationReference = C30B963563AA01A76A6C420E /* Pods-hightonB.release.xcconfig */;
			buildSettings = {
				ASSETCATALOG_COMPILER_APPICON_NAME = AppIcon;
				ASSETCATALOG_COMPILER_GLOBAL_ACCENT_COLOR_NAME = AccentColor;
				CODE_SIGN_STYLE = Automatic;
				CURRENT_PROJECT_VERSION = 1;
				DEVELOPMENT_TEAM = PM2865VY34;
				GENERATE_INFOPLIST_FILE = YES;
				INFOPLIST_FILE = hightonB/Info.plist;
				INFOPLIST_KEY_UIApplicationSupportsIndirectInputEvents = YES;
				INFOPLIST_KEY_UILaunchStoryboardName = LaunchScreen;
				INFOPLIST_KEY_UIMainStoryboardFile = Main;
				INFOPLIST_KEY_UISupportedInterfaceOrientations_iPad = "UIInterfaceOrientationPortrait UIInterfaceOrientationPortraitUpsideDown UIInterfaceOrientationLandscapeLeft UIInterfaceOrientationLandscapeRight";
				INFOPLIST_KEY_UISupportedInterfaceOrientations_iPhone = "UIInterfaceOrientationPortrait UIInterfaceOrientationLandscapeLeft UIInterfaceOrientationLandscapeRight";
				LD_RUNPATH_SEARCH_PATHS = (
					"$(inherited)",
					"@executable_path/Frameworks",
				);
				MARKETING_VERSION = 1.0;
				PRODUCT_BUNDLE_IDENTIFIER = com.highton.hightonB;
				PRODUCT_NAME = "$(TARGET_NAME)";
				SWIFT_EMIT_LOC_STRINGS = YES;
				SWIFT_VERSION = 5.0;
				TARGETED_DEVICE_FAMILY = "1,2";
			};
			name = Release;
		};
/* End XCBuildConfiguration section */

/* Begin XCConfigurationList section */
		EC56F1E427928B3B00B3EF27 /* Build configuration list for PBXProject "hightonB" */ = {
			isa = XCConfigurationList;
			buildConfigurations = (
				EC56F1FE27928B3D00B3EF27 /* Debug */,
				EC56F1FF27928B3D00B3EF27 /* Release */,
			);
			defaultConfigurationIsVisible = 0;
			defaultConfigurationName = Release;
		};
		EC56F20027928B3D00B3EF27 /* Build configuration list for PBXNativeTarget "hightonB" */ = {
			isa = XCConfigurationList;
			buildConfigurations = (
				EC56F20127928B3D00B3EF27 /* Debug */,
				EC56F20227928B3D00B3EF27 /* Release */,
			);
			defaultConfigurationIsVisible = 0;
			defaultConfigurationName = Release;
		};
/* End XCConfigurationList section */

/* Begin XCVersionGroup section */
		EC56F1F527928B3B00B3EF27 /* hightonB.xcdatamodeld */ = {
			isa = XCVersionGroup;
			children = (
				EC56F1F627928B3B00B3EF27 /* hightonB.xcdatamodel */,
			);
			currentVersion = EC56F1F627928B3B00B3EF27 /* hightonB.xcdatamodel */;
			path = hightonB.xcdatamodeld;
			sourceTree = "<group>";
			versionGroupType = wrapper.xcdatamodel;
		};
/* End XCVersionGroup section */
	};
	rootObject = EC56F1E127928B3B00B3EF27 /* Project object */;
}
